
Microsoft Visual Studio Solution File, Format Version 12.00
# Visual Studio Version 16
VisualStudioVersion = 16.0.29230.47
MinimumVisualStudioVersion = 10.0.40219.1
Project("{FAE04EC0-301F-11D3-BF4B-00C04F79EFBC}") = "Ger7Xamarin", "Ger7Xamarin.csproj", "{35A24C80-E398-49B2-950E-F64CF244D434}"
EndProject
Global
	GlobalSection(SolutionConfigurationPlatforms) = preSolution
		Debug|Any CPU = Debug|Any CPU
		Release|Any CPU = Release|Any CPU
	EndGlobalSection
	GlobalSection(ProjectConfigurationPlatforms) = postSolution
		{35A24C80-E398-49B2-950E-F64CF244D434}.Debug|Any CPU.ActiveCfg = Debug|Any CPU
		{35A24C80-E398-49B2-950E-F64CF244D434}.Debug|Any CPU.Build.0 = Debug|Any CPU
		{35A24C80-E398-49B2-950E-F64CF244D434}.Debug|Any CPU.Deploy.0 = Debug|Any CPU
		{35A24C80-E398-49B2-950E-F64CF244D434}.Release|Any CPU.ActiveCfg = Release|Any CPU
		{35A24C80-E398-49B2-950E-F64CF244D434}.Release|Any CPU.Build.0 = Release|Any CPU
		{35A24C80-E398-49B2-950E-F64CF244D434}.Release|Any CPU.Deploy.0 = Release|Any CPU
	EndGlobalSection
	GlobalSection(SolutionProperties) = preSolution
		HideSolutionNode = FALSE
	EndGlobalSection
	GlobalSection(ExtensibilityGlobals) = postSolution
		SolutionGuid = {3D4DE6CC-93D1-45AA-BED1-EB62775B7E32}
	EndGlobalSection
EndGlobal
